{
    "_meta": {
        "hash": {
            "sha256": "2ad41e0afb84d00bc8450c371b2a4af51e52ca26e3449d5180ff9d948d04759b"
        },
        "pipfile-spec": 6,
        "requires": {
            "python_full_version": "3.11.2",
            "python_version": "3.11"
        },
        "sources": [
            {
                "name": "pypi",
                "url": "https://pypi.org/simple",
                "verify_ssl": true
            }
        ]
    },
    "default": {
        "async-generator": {
            "hashes": [
                "sha256:01c7bf666359b4967d2cda0000cc2e4af16a0ae098cbffcb8472fb9e8ad6585b",
                "sha256:6ebb3d106c12920aaae42ccb6f787ef5eefdcdd166ea3d628fa8476abe712144"
            ],
            "markers": "python_version >= '3.5'",
            "version": "==1.10"
        },
        "attrs": {
            "hashes": [
                "sha256:29e95c7f6778868dbd49170f98f8818f78f3dc5e0e37c0b1f474e3561b240836",
                "sha256:c9227bfc2f01993c03f68db37d1d15c9690188323c067c641f1a35ca58185f99"
            ],
            "markers": "python_version >= '3.6'",
            "version": "==22.2.0"
        },
        "certifi": {
            "hashes": [
                "sha256:35824b4c3a97115964b408844d64aa14db1cc518f6562e8d7261699d1350a9e3",
                "sha256:4ad3232f5e926d6718ec31cfc1fcadfde020920e278684144551c91769c7bc18"
            ],
            "markers": "python_version >= '3.6'",
            "version": "==2022.12.7"
        },
        "exceptiongroup": {
            "hashes": [
                "sha256:232c37c63e4f682982c8b6459f33a8981039e5fb8756b2074364e5055c498c9e",
                "sha256:d484c3090ba2889ae2928419117447a14daf3c1231d5e30d0aae34f354f01785"
            ],
            "markers": "python_version >= '3.7'",
            "version": "==1.1.1"
        },
        "h11": {
            "hashes": [
                "sha256:8f19fbbe99e72420ff35c00b27a34cb9937e902a8b810e2c88300c6f0a3b699d",
                "sha256:e3fe4ac4b851c468cc8363d500db52c2ead036020723024a109d37346efaa761"
            ],
            "markers": "python_version >= '3.7'",
            "version": "==0.14.0"
        },
        "idna": {
            "hashes": [
                "sha256:814f528e8dead7d329833b91c5faa87d60bf71824cd12a7530b5526063d02cb4",
                "sha256:90b77e79eaa3eba6de819a0c442c0b4ceefc341a7a2ab77d7562bf49f425c5c2"
            ],
            "markers": "python_version >= '3.5'",
            "version": "==3.4"
        },
        "outcome": {
            "hashes": [
                "sha256:6f82bd3de45da303cf1f771ecafa1633750a358436a8bb60e06a1ceb745d2672",
                "sha256:c4ab89a56575d6d38a05aa16daeaa333109c1f96167aba8901ab18b6b5e0f7f5"
            ],
            "markers": "python_version >= '3.7'",
            "version": "==1.2.0"
        },
        "pyperclip": {
            "hashes": [
                "sha256:105254a8b04934f0bc84e9c24eb360a591aaf6535c9def5f29d92af107a9bf57"
            ],
            "index": "pypi",
            "version": "==1.8.2"
        },
        "pysocks": {
            "hashes": [
                "sha256:08e69f092cc6dbe92a0fdd16eeb9b9ffbc13cadfe5ca4c7bd92ffb078b293299",
                "sha256:2725bd0a9925919b9b51739eea5f9e2bae91e83288108a9ad338b2e3a4435ee5",
                "sha256:3f8804571ebe159c380ac6de37643bb4685970655d3bba243530d6558b799aa0"
            ],
            "version": "==1.7.1"
        },
        "selenium": {
            "hashes": [
                "sha256:bd04eb41395605d9b2b65fe587f3fed21431da75512985c52772529e5e210c60",
                "sha256:c48372905bffcc3b24bd55ab4683a07ee5e1f30fe918c59558ea5ee44cedf6c3"
            ],
            "index": "pypi",
            "version": "==4.8.2"
        },
        "sniffio": {
            "hashes": [
                "sha256:e60305c5e5d314f5389259b7f22aaa33d8f7dee49763119234af3755c55b9101",
                "sha256:eecefdce1e5bbfb7ad2eeaabf7c1eeb404d7757c379bd1f7e5cce9d8bf425384"
            ],
            "markers": "python_version >= '3.7'",
            "version": "==1.3.0"
        },
        "sortedcontainers": {
            "hashes": [
                "sha256:25caa5a06cc30b6b83d11423433f65d1f9d76c4c6a0c90e3379eaa43b9bfdb88",
                "sha256:a163dcaede0f1c021485e957a39245190e74249897e2ae4b2aa38595db237ee0"
            ],
            "version": "==2.4.0"
        },
        "trio": {
            "hashes": [
                "sha256:ce68f1c5400a47b137c5a4de72c7c901bd4e7a24fbdebfe9b41de8c6c04eaacf",
                "sha256:f1dd0780a89bfc880c7c7994519cb53f62aacb2c25ff487001c0052bd721cdf0"
            ],
            "markers": "python_version >= '3.7'",
            "version": "==0.22.0"
        },
        "trio-websocket": {
            "hashes": [
                "sha256:5a7a256cf45532a0e876b55c173f96228e95445869b6dfdb1556015de89796fa",
                "sha256:ae0a8bab4b0014510aca37fb67a6eaaa77e64aba372a7333845d2eb991989ae2"
            ],
            "markers": "python_version >= '3.7'",
            "version": "==0.10.0"
        },
        "urllib3": {
            "extras": [
                "socks"
            ],
            "hashes": [
                "sha256:8a388717b9476f934a21484e8c8e61875ab60644d29b9b39e11e4b9dc1c6b305",
                "sha256:aa751d169e23c7479ce47a0cb0da579e3ede798f994f5816a74e4f4500dcea42"
            ],
            "markers": "python_version >= '2.7' and python_version not in '3.0, 3.1, 3.2, 3.3, 3.4, 3.5'",
            "version": "==1.26.15"
        },
        "wsproto": {
            "hashes": [
                "sha256:ad565f26ecb92588a3e43bc3d96164de84cd9902482b130d0ddbaa9664a85065",
                "sha256:b9acddd652b585d75b20477888c56642fdade28bdfd3579aa24a4d2c037dd736"
            ],
            "markers": "python_full_version >= '3.7.0'",
            "version": "==1.2.0"
        }
    },
    "develop": {}
}
